
Microsoft Visual Studio Solution File, Format Version 12.00
# Visual Studio Version 17
VisualStudioVersion = 17.5.33627.172
MinimumVisualStudioVersion = 10.0.40219.1
Project("{FAE04EC0-301F-11D3-BF4B-00C04F79EFBC}") = "GitHubPractice", "GitHubPractice\GitHubPractice.csproj", "{698CE034-50EA-4834-9D96-271A27DB0444}"
EndProject
Global
	GlobalSection(SolutionConfigurationPlatforms) = preSolution
		Debug|Any CPU = Debug|Any CPU
		Release|Any CPU = Release|Any CPU
	EndGlobalSection
	GlobalSection(ProjectConfigurationPlatforms) = postSolution
		{698CE034-50EA-4834-9D96-271A27DB0444}.Debug|Any CPU.ActiveCfg = Debug|Any CPU
		{698CE034-50EA-4834-9D96-271A27DB0444}.Debug|Any CPU.Build.0 = Debug|Any CPU
		{698CE034-50EA-4834-9D96-271A27DB0444}.Release|Any CPU.ActiveCfg = Release|Any CPU
		{698CE034-50EA-4834-9D96-271A27DB0444}.Release|Any CPU.Build.0 = Release|Any CPU
	EndGlobalSection
	GlobalSection(SolutionProperties) = preSolution
		HideSolutionNode = FALSE
	EndGlobalSection
	GlobalSection(ExtensibilityGlobals) = postSolution
		SolutionGuid = {2214F526-282F-45A1-86A5-8CE3365F4632}
	EndGlobalSection
EndGlobal
